{
  "requires": true,
  "lockfileVersion": 1,
  "dependencies": {
    "@angular/core": {
      "version": "10.1.0",
      "resolved": "https://registry.npmjs.org/@angular/core/-/core-10.1.0.tgz",
      "integrity": "sha512-lENt8Wk1vVsIiHeZVzXCZoHY13BxkqmulEw/AdUOh4VQxoU5K3z1o7fC1cvPHBvBEUnhbD2pDC1UHcY1G9yLRw==",
      "requires": {
        "tslib": "^2.0.0"
      }
    },
    "tslib": {
      "version": "2.0.1",
      "resolved": "https://registry.npmjs.org/tslib/-/tslib-2.0.1.tgz",
      "integrity": "sha512-SgIkNheinmEBgx1IUNirK0TUD4X9yjjBRTqqjggWCU3pUEqIk3/Uwl3yRixYKT6WjQuGiwDv4NomL3wqRCj+CQ=="
    }
  }
}
